{
  "object": {
    "pins": [
      {
        "package": "KeyboardObserving",
        "repositoryURL": "https://github.com/nickffox/KeyboardObserving",
        "state": {
          "branch": "master",
          "revision": "df105a7c43a93b06492ee5832037e20c8f472b46",
          "version": null
        }
      }
    ]
  },
  "version": 1
}
